// !$*UTF8*$!
{
	archiveVersion = 1;
	classes = {
	};
	objectVersion = 55;
	objects = {

/* Begin PBXBuildFile section */
		8B4487A727BF947A00A58B95 /* FeedViewController.swift in Sources */ = {isa = PBXBuildFile; fileRef = 8B4487A627BF947A00A58B95 /* FeedViewController.swift */; };
		8B4487A927BF948700A58B95 /* ProfileViewController.swift in Sources */ = {isa = PBXBuildFile; fileRef = 8B4487A827BF948700A58B95 /* ProfileViewController.swift */; };
		8B4487AB27BF94D200A58B95 /* PostViewController.swift in Sources */ = {isa = PBXBuildFile; fileRef = 8B4487AA27BF94D200A58B95 /* PostViewController.swift */; };
		8B4487AF27BF97AA00A58B95 /* InfoViewController.swift in Sources */ = {isa = PBXBuildFile; fileRef = 8B4487AE27BF97AA00A58B95 /* InfoViewController.swift */; };
		8B5BB81027DCFC5500D33484 /* News.swift in Sources */ = {isa = PBXBuildFile; fileRef = 8B5BB80F27DCFC5500D33484 /* News.swift */; };
		8B7135C327BED038009AA6B4 /* AppDelegate.swift in Sources */ = {isa = PBXBuildFile; fileRef = 8B7135C227BED038009AA6B4 /* AppDelegate.swift */; };
		8B7135C527BED038009AA6B4 /* SceneDelegate.swift in Sources */ = {isa = PBXBuildFile; fileRef = 8B7135C427BED038009AA6B4 /* SceneDelegate.swift */; };
		8B7135CC27BED03C009AA6B4 /* Assets.xcassets in Resources */ = {isa = PBXBuildFile; fileRef = 8B7135CB27BED03C009AA6B4 /* Assets.xcassets */; };
		8B7135CF27BED03C009AA6B4 /* LaunchScreen.storyboard in Resources */ = {isa = PBXBuildFile; fileRef = 8B7135CD27BED03C009AA6B4 /* LaunchScreen.storyboard */; };
		8B7135D727BED0C3009AA6B4 /* TabBarViewController.swift in Sources */ = {isa = PBXBuildFile; fileRef = 8B7135D627BED0C3009AA6B4 /* TabBarViewController.swift */; };
		8B8473B027DC765D0040FF61 /* news.json in Resources */ = {isa = PBXBuildFile; fileRef = 8B8473AF27DC765D0040FF61 /* news.json */; };
		8B9DEA3B27D759C9003DFEC5 /* LogInViewController.swift in Sources */ = {isa = PBXBuildFile; fileRef = 8B9DEA3A27D759C9003DFEC5 /* LogInViewController.swift */; };
		8B9DEA3D27D76054003DFEC5 /* PostTableViewCell.swift in Sources */ = {isa = PBXBuildFile; fileRef = 8B9DEA3C27D76054003DFEC5 /* PostTableViewCell.swift */; };
		8B9DEA3F27D760A3003DFEC5 /* UIColorExtention.swift in Sources */ = {isa = PBXBuildFile; fileRef = 8B9DEA3E27D760A3003DFEC5 /* UIColorExtention.swift */; };
		8B9DEA4127D7615A003DFEC5 /* Setupable.swift in Sources */ = {isa = PBXBuildFile; fileRef = 8B9DEA4027D7615A003DFEC5 /* Setupable.swift */; };
		8B9DEA4C27D76555003DFEC5 /* Photos.swift in Sources */ = {isa = PBXBuildFile; fileRef = 8B9DEA4B27D76555003DFEC5 /* Photos.swift */; };
		8B9DEA4E27D76581003DFEC5 /* PhotosTableViewCell.swift in Sources */ = {isa = PBXBuildFile; fileRef = 8B9DEA4D27D76581003DFEC5 /* PhotosTableViewCell.swift */; };
		8B9DEA5027D765AE003DFEC5 /* PhotosViewController.swift in Sources */ = {isa = PBXBuildFile; fileRef = 8B9DEA4F27D765AE003DFEC5 /* PhotosViewController.swift */; };
		8B9DEA5227D765D9003DFEC5 /* PhotosCollectionViewCell.swift in Sources */ = {isa = PBXBuildFile; fileRef = 8B9DEA5127D765D9003DFEC5 /* PhotosCollectionViewCell.swift */; };
		8BE2B11927BFAEEC0095649D /* ProfileHeaderView.swift in Sources */ = {isa = PBXBuildFile; fileRef = 8BE2B11827BFAEEC0095649D /* ProfileHeaderView.swift */; };
/* End PBXBuildFile section */

/* Begin PBXFileReference section */
		8B4487A627BF947A00A58B95 /* FeedViewController.swift */ = {isa = PBXFileReference; lastKnownFileType = sourcecode.swift; path = FeedViewController.swift; sourceTree = "<group>"; };
		8B4487A827BF948700A58B95 /* ProfileViewController.swift */ = {isa = PBXFileReference; lastKnownFileType = sourcecode.swift; path = ProfileViewController.swift; sourceTree = "<group>"; };
		8B4487AA27BF94D200A58B95 /* PostViewController.swift */ = {isa = PBXFileReference; lastKnownFileType = sourcecode.swift; path = PostViewController.swift; sourceTree = "<group>"; };
		8B4487AE27BF97AA00A58B95 /* InfoViewController.swift */ = {isa = PBXFileReference; lastKnownFileType = sourcecode.swift; path = InfoViewController.swift; sourceTree = "<group>"; };
		8B5BB80F27DCFC5500D33484 /* News.swift */ = {isa = PBXFileReference; lastKnownFileType = sourcecode.swift; path = News.swift; sourceTree = "<group>"; };
		8B7135BF27BED038009AA6B4 /* Navigation.app */ = {isa = PBXFileReference; explicitFileType = wrapper.application; includeInIndex = 0; path = Navigation.app; sourceTree = BUILT_PRODUCTS_DIR; };
		8B7135C227BED038009AA6B4 /* AppDelegate.swift */ = {isa = PBXFileReference; lastKnownFileType = sourcecode.swift; path = AppDelegate.swift; sourceTree = "<group>"; };
		8B7135C427BED038009AA6B4 /* SceneDelegate.swift */ = {isa = PBXFileReference; lastKnownFileType = sourcecode.swift; path = SceneDelegate.swift; sourceTree = "<group>"; };
		8B7135CB27BED03C009AA6B4 /* Assets.xcassets */ = {isa = PBXFileReference; lastKnownFileType = folder.assetcatalog; path = Assets.xcassets; sourceTree = "<group>"; };
		8B7135CE27BED03C009AA6B4 /* Base */ = {isa = PBXFileReference; lastKnownFileType = file.storyboard; name = Base; path = Base.lproj/LaunchScreen.storyboard; sourceTree = "<group>"; };
		8B7135D027BED03C009AA6B4 /* Info.plist */ = {isa = PBXFileReference; lastKnownFileType = text.plist.xml; path = Info.plist; sourceTree = "<group>"; };
		8B7135D627BED0C3009AA6B4 /* TabBarViewController.swift */ = {isa = PBXFileReference; lastKnownFileType = sourcecode.swift; path = TabBarViewController.swift; sourceTree = "<group>"; };
		8B8473AF27DC765D0040FF61 /* news.json */ = {isa = PBXFileReference; fileEncoding = 4; lastKnownFileType = text.json; path = news.json; sourceTree = "<group>"; };
		8B9DEA3A27D759C9003DFEC5 /* LogInViewController.swift */ = {isa = PBXFileReference; lastKnownFileType = sourcecode.swift; path = LogInViewController.swift; sourceTree = "<group>"; };
		8B9DEA3C27D76054003DFEC5 /* PostTableViewCell.swift */ = {isa = PBXFileReference; lastKnownFileType = sourcecode.swift; path = PostTableViewCell.swift; sourceTree = "<group>"; };
		8B9DEA3E27D760A3003DFEC5 /* UIColorExtention.swift */ = {isa = PBXFileReference; lastKnownFileType = sourcecode.swift; path = UIColorExtention.swift; sourceTree = "<group>"; };
		8B9DEA4027D7615A003DFEC5 /* Setupable.swift */ = {isa = PBXFileReference; lastKnownFileType = sourcecode.swift; path = Setupable.swift; sourceTree = "<group>"; };
		8B9DEA4B27D76555003DFEC5 /* Photos.swift */ = {isa = PBXFileReference; lastKnownFileType = sourcecode.swift; path = Photos.swift; sourceTree = "<group>"; };
		8B9DEA4D27D76581003DFEC5 /* PhotosTableViewCell.swift */ = {isa = PBXFileReference; lastKnownFileType = sourcecode.swift; path = PhotosTableViewCell.swift; sourceTree = "<group>"; };
		8B9DEA4F27D765AE003DFEC5 /* PhotosViewController.swift */ = {isa = PBXFileReference; lastKnownFileType = sourcecode.swift; path = PhotosViewController.swift; sourceTree = "<group>"; };
		8B9DEA5127D765D9003DFEC5 /* PhotosCollectionViewCell.swift */ = {isa = PBXFileReference; lastKnownFileType = sourcecode.swift; path = PhotosCollectionViewCell.swift; sourceTree = "<group>"; };
		8BE2B11827BFAEEC0095649D /* ProfileHeaderView.swift */ = {isa = PBXFileReference; lastKnownFileType = sourcecode.swift; path = ProfileHeaderView.swift; sourceTree = "<group>"; };
/* End PBXFileReference section */

/* Begin PBXFrameworksBuildPhase section */
		8B7135BC27BED038009AA6B4 /* Frameworks */ = {
			isa = PBXFrameworksBuildPhase;
			buildActionMask = 2147483647;
			files = (
			);
			runOnlyForDeploymentPostprocessing = 0;
		};
/* End PBXFrameworksBuildPhase section */

/* Begin PBXGroup section */
		8B4487AD27BF96B300A58B95 /* Delegate */ = {
			isa = PBXGroup;
			children = (
				8B7135C227BED038009AA6B4 /* AppDelegate.swift */,
				8B7135C427BED038009AA6B4 /* SceneDelegate.swift */,
			);
			path = Delegate;
			sourceTree = "<group>";
		};
		8B4487B027BF992F00A58B95 /* Profile */ = {
			isa = PBXGroup;
			children = (
				8BE2B11827BFAEEC0095649D /* ProfileHeaderView.swift */,
				8B9DEA3C27D76054003DFEC5 /* PostTableViewCell.swift */,
				8B9DEA4D27D76581003DFEC5 /* PhotosTableViewCell.swift */,
				8B9DEA5127D765D9003DFEC5 /* PhotosCollectionViewCell.swift */,
			);
			path = Profile;
			sourceTree = "<group>";
		};
		8B4487B127BF993A00A58B95 /* Controller */ = {
			isa = PBXGroup;
			children = (
				8B4487A827BF948700A58B95 /* ProfileViewController.swift */,
				8B9DEA3A27D759C9003DFEC5 /* LogInViewController.swift */,
				8B9DEA4F27D765AE003DFEC5 /* PhotosViewController.swift */,
				8B7135D627BED0C3009AA6B4 /* TabBarViewController.swift */,
				8B4487A627BF947A00A58B95 /* FeedViewController.swift */,
				8B4487AE27BF97AA00A58B95 /* InfoViewController.swift */,
				8B4487AA27BF94D200A58B95 /* PostViewController.swift */,
				8B9DEA3E27D760A3003DFEC5 /* UIColorExtention.swift */,
			);
			path = Controller;
			sourceTree = "<group>";
		};
		8B7135B627BED038009AA6B4 = {
			isa = PBXGroup;
			children = (
				8B7135C127BED038009AA6B4 /* Navigation */,
				8B7135C027BED038009AA6B4 /* Products */,
			);
			sourceTree = "<group>";
		};
		8B7135C027BED038009AA6B4 /* Products */ = {
			isa = PBXGroup;
			children = (
				8B7135BF27BED038009AA6B4 /* Navigation.app */,
			);
			name = Products;
			sourceTree = "<group>";
		};
		8B7135C127BED038009AA6B4 /* Navigation */ = {
			isa = PBXGroup;
			children = (
				8B9DEA4727D763DB003DFEC5 /* Core */,
				8B9DEA4227D76167003DFEC5 /* Protocol */,
				8B4487AD27BF96B300A58B95 /* Delegate */,
				8B4487B027BF992F00A58B95 /* Profile */,
				8B4487B127BF993A00A58B95 /* Controller */,
				8B7135CD27BED03C009AA6B4 /* LaunchScreen.storyboard */,
				8B7135CB27BED03C009AA6B4 /* Assets.xcassets */,
				8B7135D027BED03C009AA6B4 /* Info.plist */,
				8B8473AF27DC765D0040FF61 /* news.json */,
			);
			path = Navigation;
			sourceTree = "<group>";
		};
		8B9DEA4227D76167003DFEC5 /* Protocol */ = {
			isa = PBXGroup;
			children = (
				8B9DEA4027D7615A003DFEC5 /* Setupable.swift */,
			);
			path = Protocol;
			sourceTree = "<group>";
		};
		8B9DEA4727D763DB003DFEC5 /* Core */ = {
			isa = PBXGroup;
			children = (
				8B9DEA4827D763E3003DFEC5 /* Models */,
			);
			path = Core;
			sourceTree = "<group>";
		};
		8B9DEA4827D763E3003DFEC5 /* Models */ = {
			isa = PBXGroup;
			children = (
				8B9DEA4B27D76555003DFEC5 /* Photos.swift */,
				8B5BB80F27DCFC5500D33484 /* News.swift */,
			);
			path = Models;
			sourceTree = "<group>";
		};
/* End PBXGroup section */

/* Begin PBXNativeTarget section */
		8B7135BE27BED038009AA6B4 /* Navigation */ = {
			isa = PBXNativeTarget;
			buildConfigurationList = 8B7135D327BED03C009AA6B4 /* Build configuration list for PBXNativeTarget "Navigation" */;
			buildPhases = (
				8B7135BB27BED038009AA6B4 /* Sources */,
				8B7135BC27BED038009AA6B4 /* Frameworks */,
				8B7135BD27BED038009AA6B4 /* Resources */,
			);
			buildRules = (
			);
			dependencies = (
			);
			name = Navigation;
			productName = Navigation;
			productReference = 8B7135BF27BED038009AA6B4 /* Navigation.app */;
			productType = "com.apple.product-type.application";
		};
/* End PBXNativeTarget section */

/* Begin PBXProject section */
		8B7135B727BED038009AA6B4 /* Project object */ = {
			isa = PBXProject;
			attributes = {
				BuildIndependentTargetsInParallel = 1;
				LastSwiftUpdateCheck = 1310;
				LastUpgradeCheck = 1310;
				TargetAttributes = {
					8B7135BE27BED038009AA6B4 = {
						CreatedOnToolsVersion = 13.1;
					};
				};
			};
			buildConfigurationList = 8B7135BA27BED038009AA6B4 /* Build configuration list for PBXProject "Navigation" */;
			compatibilityVersion = "Xcode 13.0";
			developmentRegion = en;
			hasScannedForEncodings = 0;
			knownRegions = (
				en,
				Base,
			);
			mainGroup = 8B7135B627BED038009AA6B4;
			productRefGroup = 8B7135C027BED038009AA6B4 /* Products */;
			projectDirPath = "";
			projectRoot = "";
			targets = (
				8B7135BE27BED038009AA6B4 /* Navigation */,
			);
		};
/* End PBXProject section */

/* Begin PBXResourcesBuildPhase section */
		8B7135BD27BED038009AA6B4 /* Resources */ = {
			isa = PBXResourcesBuildPhase;
			buildActionMask = 2147483647;
			files = (
				8B8473B027DC765D0040FF61 /* news.json in Resources */,
				8B7135CF27BED03C009AA6B4 /* LaunchScreen.storyboard in Resources */,
				8B7135CC27BED03C009AA6B4 /* Assets.xcassets in Resources */,
			);
			runOnlyForDeploymentPostprocessing = 0;
		};
/* End PBXResourcesBuildPhase section */

/* Begin PBXSourcesBuildPhase section */
		8B7135BB27BED038009AA6B4 /* Sources */ = {
			isa = PBXSourcesBuildPhase;
			buildActionMask = 2147483647;
			files = (
				8B9DEA4E27D76581003DFEC5 /* PhotosTableViewCell.swift in Sources */,
				8B9DEA5027D765AE003DFEC5 /* PhotosViewController.swift in Sources */,
				8B4487AB27BF94D200A58B95 /* PostViewController.swift in Sources */,
				8B7135D727BED0C3009AA6B4 /* TabBarViewController.swift in Sources */,
				8B9DEA3B27D759C9003DFEC5 /* LogInViewController.swift in Sources */,
				8B7135C327BED038009AA6B4 /* AppDelegate.swift in Sources */,
				8B4487AF27BF97AA00A58B95 /* InfoViewController.swift in Sources */,
				8B7135C527BED038009AA6B4 /* SceneDelegate.swift in Sources */,
				8B9DEA4C27D76555003DFEC5 /* Photos.swift in Sources */,
				8B4487A927BF948700A58B95 /* ProfileViewController.swift in Sources */,
				8B9DEA3D27D76054003DFEC5 /* PostTableViewCell.swift in Sources */,
				8B9DEA3F27D760A3003DFEC5 /* UIColorExtention.swift in Sources */,
				8B4487A727BF947A00A58B95 /* FeedViewController.swift in Sources */,
				8BE2B11927BFAEEC0095649D /* ProfileHeaderView.swift in Sources */,
				8B9DEA5227D765D9003DFEC5 /* PhotosCollectionViewCell.swift in Sources */,
				8B5BB81027DCFC5500D33484 /* News.swift in Sources */,
				8B9DEA4127D7615A003DFEC5 /* Setupable.swift in Sources */,
			);
			runOnlyForDeploymentPostprocessing = 0;
		};
/* End PBXSourcesBuildPhase section */

/* Begin PBXVariantGroup section */
		8B7135CD27BED03C009AA6B4 /* LaunchScreen.storyboard */ = {
			isa = PBXVariantGroup;
			children = (
				8B7135CE27BED03C009AA6B4 /* Base */,
			);
			name = LaunchScreen.storyboard;
			sourceTree = "<group>";
		};
/* End PBXVariantGroup section */

/* Begin XCBuildConfiguration section */
		8B7135D127BED03C009AA6B4 /* Debug */ = {
			isa = XCBuildConfiguration;
			buildSettings = {
				ALWAYS_SEARCH_USER_PATHS = NO;
				CLANG_ANALYZER_NONNULL = YES;
				CLANG_ANALYZER_NUMBER_OBJECT_CONVERSION = YES_AGGRESSIVE;
				CLANG_CXX_LANGUAGE_STANDARD = "gnu++17";
				CLANG_CXX_LIBRARY = "libc++";
				CLANG_ENABLE_MODULES = YES;
				CLANG_ENABLE_OBJC_ARC = YES;
				CLANG_ENABLE_OBJC_WEAK = YES;
				CLANG_WARN_BLOCK_CAPTURE_AUTORELEASING = YES;
				CLANG_WARN_BOOL_CONVERSION = YES;
				CLANG_WARN_COMMA = YES;
				CLANG_WARN_CONSTANT_CONVERSION = YES;
				CLANG_WARN_DEPRECATED_OBJC_IMPLEMENTATIONS = YES;
				CLANG_WARN_DIRECT_OBJC_ISA_USAGE = YES_ERROR;
				CLANG_WARN_DOCUMENTATION_COMMENTS = YES;
				CLANG_WARN_EMPTY_BODY = YES;
				CLANG_WARN_ENUM_CONVERSION = YES;
				CLANG_WARN_INFINITE_RECURSION = YES;
				CLANG_WARN_INT_CONVERSION = YES;
				CLANG_WARN_NON_LITERAL_NULL_CONVERSION = YES;
				CLANG_WARN_OBJC_IMPLICIT_RETAIN_SELF = YES;
				CLANG_WARN_OBJC_LITERAL_CONVERSION = YES;
				CLANG_WARN_OBJC_ROOT_CLASS = YES_ERROR;
				CLANG_WARN_QUOTED_INCLUDE_IN_FRAMEWORK_HEADER = YES;
				CLANG_WARN_RANGE_LOOP_ANALYSIS = YES;
				CLANG_WARN_STRICT_PROTOTYPES = YES;
				CLANG_WARN_SUSPICIOUS_MOVE = YES;
				CLANG_WARN_UNGUARDED_AVAILABILITY = YES_AGGRESSIVE;
				CLANG_WARN_UNREACHABLE_CODE = YES;
				CLANG_WARN__DUPLICATE_METHOD_MATCH = YES;
				COPY_PHASE_STRIP = NO;
				DEBUG_INFORMATION_FORMAT = dwarf;
				ENABLE_STRICT_OBJC_MSGSEND = YES;
				ENABLE_TESTABILITY = YES;
				GCC_C_LANGUAGE_STANDARD = gnu11;
				GCC_DYNAMIC_NO_PIC = NO;
				GCC_NO_COMMON_BLOCKS = YES;
				GCC_OPTIMIZATION_LEVEL = 0;
				GCC_PREPROCESSOR_DEFINITIONS = (
					"DEBUG=1",
					"$(inherited)",
				);
				GCC_WARN_64_TO_32_BIT_CONVERSION = YES;
				GCC_WARN_ABOUT_RETURN_TYPE = YES_ERROR;
				GCC_WARN_UNDECLARED_SELECTOR = YES;
				GCC_WARN_UNINITIALIZED_AUTOS = YES_AGGRESSIVE;
				GCC_WARN_UNUSED_FUNCTION = YES;
				GCC_WARN_UNUSED_VARIABLE = YES;
				IPHONEOS_DEPLOYMENT_TARGET = 15.0;
				MTL_ENABLE_DEBUG_INFO = INCLUDE_SOURCE;
				MTL_FAST_MATH = YES;
				ONLY_ACTIVE_ARCH = YES;
				SDKROOT = iphoneos;
				SWIFT_ACTIVE_COMPILATION_CONDITIONS = DEBUG;
				SWIFT_OPTIMIZATION_LEVEL = "-Onone";
			};
			name = Debug;
		};
		8B7135D227BED03C009AA6B4 /* Release */ = {
			isa = XCBuildConfiguration;
			buildSettings = {
				ALWAYS_SEARCH_USER_PATHS = NO;
				CLANG_ANALYZER_NONNULL = YES;
				CLANG_ANALYZER_NUMBER_OBJECT_CONVERSION = YES_AGGRESSIVE;
				CLANG_CXX_LANGUAGE_STANDARD = "gnu++17";
				CLANG_CXX_LIBRARY = "libc++";
				CLANG_ENABLE_MODULES = YES;
				CLANG_ENABLE_OBJC_ARC = YES;
				CLANG_ENABLE_OBJC_WEAK = YES;
				CLANG_WARN_BLOCK_CAPTURE_AUTORELEASING = YES;
				CLANG_WARN_BOOL_CONVERSION = YES;
				CLANG_WARN_COMMA = YES;
				CLANG_WARN_CONSTANT_CONVERSION = YES;
				CLANG_WARN_DEPRECATED_OBJC_IMPLEMENTATIONS = YES;
				CLANG_WARN_DIRECT_OBJC_ISA_USAGE = YES_ERROR;
				CLANG_WARN_DOCUMENTATION_COMMENTS = YES;
				CLANG_WARN_EMPTY_BODY = YES;
				CLANG_WARN_ENUM_CONVERSION = YES;
				CLANG_WARN_INFINITE_RECURSION = YES;
				CLANG_WARN_INT_CONVERSION = YES;
				CLANG_WARN_NON_LITERAL_NULL_CONVERSION = YES;
				CLANG_WARN_OBJC_IMPLICIT_RETAIN_SELF = YES;
				CLANG_WARN_OBJC_LITERAL_CONVERSION = YES;
				CLANG_WARN_OBJC_ROOT_CLASS = YES_ERROR;
				CLANG_WARN_QUOTED_INCLUDE_IN_FRAMEWORK_HEADER = YES;
				CLANG_WARN_RANGE_LOOP_ANALYSIS = YES;
				CLANG_WARN_STRICT_PROTOTYPES = YES;
				CLANG_WARN_SUSPICIOUS_MOVE = YES;
				CLANG_WARN_UNGUARDED_AVAILABILITY = YES_AGGRESSIVE;
				CLANG_WARN_UNREACHABLE_CODE = YES;
				CLANG_WARN__DUPLICATE_METHOD_MATCH = YES;
				COPY_PHASE_STRIP = NO;
				DEBUG_INFORMATION_FORMAT = "dwarf-with-dsym";
				ENABLE_NS_ASSERTIONS = NO;
				ENABLE_STRICT_OBJC_MSGSEND = YES;
				GCC_C_LANGUAGE_STANDARD = gnu11;
				GCC_NO_COMMON_BLOCKS = YES;
				GCC_WARN_64_TO_32_BIT_CONVERSION = YES;
				GCC_WARN_ABOUT_RETURN_TYPE = YES_ERROR;
				GCC_WARN_UNDECLARED_SELECTOR = YES;
				GCC_WARN_UNINITIALIZED_AUTOS = YES_AGGRESSIVE;
				GCC_WARN_UNUSED_FUNCTION = YES;
				GCC_WARN_UNUSED_VARIABLE = YES;
				IPHONEOS_DEPLOYMENT_TARGET = 15.0;
				MTL_ENABLE_DEBUG_INFO = NO;
				MTL_FAST_MATH = YES;
				SDKROOT = iphoneos;
				SWIFT_COMPILATION_MODE = wholemodule;
				SWIFT_OPTIMIZATION_LEVEL = "-O";
				VALIDATE_PRODUCT = YES;
			};
			name = Release;
		};
		8B7135D427BED03C009AA6B4 /* Debug */ = {
			isa = XCBuildConfiguration;
			buildSettings = {
				ASSETCATALOG_COMPILER_APPICON_NAME = AppIcon;
				ASSETCATALOG_COMPILER_GLOBAL_ACCENT_COLOR_NAME = AccentColor;
				CODE_SIGN_STYLE = Automatic;
				CURRENT_PROJECT_VERSION = 1;
				DEVELOPMENT_TEAM = B4FYNQ6LMC;
				GENERATE_INFOPLIST_FILE = YES;
				INFOPLIST_FILE = Navigation/Info.plist;
				INFOPLIST_KEY_UIApplicationSupportsIndirectInputEvents = YES;
				INFOPLIST_KEY_UILaunchStoryboardName = LaunchScreen;
				INFOPLIST_KEY_UISupportedInterfaceOrientations_iPad = "UIInterfaceOrientationPortrait UIInterfaceOrientationPortraitUpsideDown UIInterfaceOrientationLandscapeLeft UIInterfaceOrientationLandscapeRight";
				INFOPLIST_KEY_UISupportedInterfaceOrientations_iPhone = "UIInterfaceOrientationPortrait UIInterfaceOrientationLandscapeLeft UIInterfaceOrientationLandscapeRight";
				LD_RUNPATH_SEARCH_PATHS = (
					"$(inherited)",
					"@executable_path/Frameworks",
				);
				MARKETING_VERSION = 1.0;
				PRODUCT_BUNDLE_IDENTIFIER = Netology.Navigation;
				PRODUCT_NAME = "$(TARGET_NAME)";
				SWIFT_EMIT_LOC_STRINGS = YES;
				SWIFT_VERSION = 5.0;
				TARGETED_DEVICE_FAMILY = "1,2";
			};
			name = Debug;
		};
		8B7135D527BED03C009AA6B4 /* Release */ = {
			isa = XCBuildConfiguration;
			buildSettings = {
				ASSETCATALOG_COMPILER_APPICON_NAME = AppIcon;
				ASSETCATALOG_COMPILER_GLOBAL_ACCENT_COLOR_NAME = AccentColor;
				CODE_SIGN_STYLE = Automatic;
				CURRENT_PROJECT_VERSION = 1;
				DEVELOPMENT_TEAM = B4FYNQ6LMC;
				GENERATE_INFOPLIST_FILE = YES;
				INFOPLIST_FILE = Navigation/Info.plist;
				INFOPLIST_KEY_UIApplicationSupportsIndirectInputEvents = YES;
				INFOPLIST_KEY_UILaunchStoryboardName = LaunchScreen;
				INFOPLIST_KEY_UISupportedInterfaceOrientations_iPad = "UIInterfaceOrientationPortrait UIInterfaceOrientationPortraitUpsideDown UIInterfaceOrientationLandscapeLeft UIInterfaceOrientationLandscapeRight";
				INFOPLIST_KEY_UISupportedInterfaceOrientations_iPhone = "UIInterfaceOrientationPortrait UIInterfaceOrientationLandscapeLeft UIInterfaceOrientationLandscapeRight";
				LD_RUNPATH_SEARCH_PATHS = (
					"$(inherited)",
					"@executable_path/Frameworks",
				);
				MARKETING_VERSION = 1.0;
				PRODUCT_BUNDLE_IDENTIFIER = Netology.Navigation;
				PRODUCT_NAME = "$(TARGET_NAME)";
				SWIFT_EMIT_LOC_STRINGS = YES;
				SWIFT_VERSION = 5.0;
				TARGETED_DEVICE_FAMILY = "1,2";
			};
			name = Release;
		};
/* End XCBuildConfiguration section */

/* Begin XCConfigurationList section */
		8B7135BA27BED038009AA6B4 /* Build configuration list for PBXProject "Navigation" */ = {
			isa = XCConfigurationList;
			buildConfigurations = (
				8B7135D127BED03C009AA6B4 /* Debug */,
				8B7135D227BED03C009AA6B4 /* Release */,
			);
			defaultConfigurationIsVisible = 0;
			defaultConfigurationName = Release;
		};
		8B7135D327BED03C009AA6B4 /* Build configuration list for PBXNativeTarget "Navigation" */ = {
			isa = XCConfigurationList;
			buildConfigurations = (
				8B7135D427BED03C009AA6B4 /* Debug */,
				8B7135D527BED03C009AA6B4 /* Release */,
			);
			defaultConfigurationIsVisible = 0;
			defaultConfigurationName = Release;
		};
/* End XCConfigurationList section */
	};
	rootObject = 8B7135B727BED038009AA6B4 /* Project object */;
}
